
Microsoft Visual Studio Solution File, Format Version 12.00
# Visual Studio Version 16
VisualStudioVersion = 16.0.31410.357
MinimumVisualStudioVersion = 10.0.40219.1
Project("{2150E333-8FDC-42A3-9474-1A3956D46DE8}") = "Services", "Services", "{87FA34EB-59A4-4883-AFE7-5D3E033F699E}"
EndProject
Project("{2150E333-8FDC-42A3-9474-1A3956D46DE8}") = "Catalog", "Catalog", "{9D7ABB5F-3C9E-4D58-AC52-0C765D0CE105}"
EndProject
Project("{9A19103F-16F7-4668-BE54-9A1E7A4F7556}") = "Catalog.API", "Services\Catalog\Catalog.API\Catalog.API.csproj", "{3C6D3DAB-3D7A-4CEA-BDCC-B0546E9F0DBA}"
EndProject
Project("{E53339B2-1760-4266-BCC7-CA923CBCF16C}") = "docker-compose", "docker-compose.dcproj", "{0EC46971-96D3-44E4-8D1B-47686B254A9D}"
EndProject
Project("{2150E333-8FDC-42A3-9474-1A3956D46DE8}") = "Basket", "Basket", "{B51281BC-7AE4-406E-A020-230BB2FAB65E}"
EndProject
Project("{9A19103F-16F7-4668-BE54-9A1E7A4F7556}") = "Basket.API", "Services\Basket\Basket.API\Basket.API.csproj", "{1AE039A8-94DC-4FA4-A43D-E0035B433D4E}"
EndProject
Project("{2150E333-8FDC-42A3-9474-1A3956D46DE8}") = "Discount", "Discount", "{899B0FA3-3F9E-4A43-8B06-8127C13BF797}"
EndProject
Project("{9A19103F-16F7-4668-BE54-9A1E7A4F7556}") = "Discount.API", "services\discount\Discount.API\Discount.API.csproj", "{1C6636B5-7C28-41BF-876E-AA4D18AE051B}"
EndProject
Project("{9A19103F-16F7-4668-BE54-9A1E7A4F7556}") = "Discount.Grpc", "Services\Discount\Discount.Grpc\Discount.Grpc.csproj", "{C9B42462-2281-421A-8B35-7AF08E1F9AFC}"
EndProject
Project("{2150E333-8FDC-42A3-9474-1A3956D46DE8}") = "Ordering", "Ordering", "{BC329812-7617-49EA-B697-D5E369CE8E55}"
EndProject
Project("{9A19103F-16F7-4668-BE54-9A1E7A4F7556}") = "Ordering.API", "Services\Ordering\Ordering.API\Ordering.API.csproj", "{D06ED11D-338C-4C6E-A466-37C4B1B94956}"
EndProject
Project("{9A19103F-16F7-4668-BE54-9A1E7A4F7556}") = "Ordering.Domain", "Services\Ordering\Ordering.Domain\Ordering.Domain.csproj", "{ECAC2FA6-8691-4AB2-81B5-0894D6B6DD6B}"
EndProject
Project("{9A19103F-16F7-4668-BE54-9A1E7A4F7556}") = "Ordering.Application", "Services\Ordering\Ordering.Application\Ordering.Application.csproj", "{579405A4-F9E3-4C75-8BC2-73BA855A5F56}"
EndProject
Project("{9A19103F-16F7-4668-BE54-9A1E7A4F7556}") = "Ordering.Infrastructure", "Services\Ordering.Infrastructure\Ordering.Infrastructure.csproj", "{091F2552-0387-4E78-9622-C1CD8EB155DB}"
EndProject
Project("{2150E333-8FDC-42A3-9474-1A3956D46DE8}") = "BuildingBlocks", "BuildingBlocks", "{7B44AD89-708E-401E-99DD-B9DD8AAF96B9}"
EndProject
Project("{FAE04EC0-301F-11D3-BF4B-00C04F79EFBC}") = "EventBus.Messages", "BuildingBlocks\EventBus.Messages\EventBus.Messages.csproj", "{F2148A0A-4F48-42DF-8D01-18F3766A7962}"
EndProject
Global
	GlobalSection(SolutionConfigurationPlatforms) = preSolution
		Debug|Any CPU = Debug|Any CPU
		Release|Any CPU = Release|Any CPU
	EndGlobalSection
	GlobalSection(ProjectConfigurationPlatforms) = postSolution
		{3C6D3DAB-3D7A-4CEA-BDCC-B0546E9F0DBA}.Debug|Any CPU.ActiveCfg = Debug|Any CPU
		{3C6D3DAB-3D7A-4CEA-BDCC-B0546E9F0DBA}.Debug|Any CPU.Build.0 = Debug|Any CPU
		{3C6D3DAB-3D7A-4CEA-BDCC-B0546E9F0DBA}.Release|Any CPU.ActiveCfg = Release|Any CPU
		{3C6D3DAB-3D7A-4CEA-BDCC-B0546E9F0DBA}.Release|Any CPU.Build.0 = Release|Any CPU
		{0EC46971-96D3-44E4-8D1B-47686B254A9D}.Debug|Any CPU.ActiveCfg = Debug|Any CPU
		{0EC46971-96D3-44E4-8D1B-47686B254A9D}.Debug|Any CPU.Build.0 = Debug|Any CPU
		{0EC46971-96D3-44E4-8D1B-47686B254A9D}.Release|Any CPU.ActiveCfg = Release|Any CPU
		{0EC46971-96D3-44E4-8D1B-47686B254A9D}.Release|Any CPU.Build.0 = Release|Any CPU
		{1AE039A8-94DC-4FA4-A43D-E0035B433D4E}.Debug|Any CPU.ActiveCfg = Debug|Any CPU
		{1AE039A8-94DC-4FA4-A43D-E0035B433D4E}.Debug|Any CPU.Build.0 = Debug|Any CPU
		{1AE039A8-94DC-4FA4-A43D-E0035B433D4E}.Release|Any CPU.ActiveCfg = Release|Any CPU
		{1AE039A8-94DC-4FA4-A43D-E0035B433D4E}.Release|Any CPU.Build.0 = Release|Any CPU
		{1C6636B5-7C28-41BF-876E-AA4D18AE051B}.Debug|Any CPU.ActiveCfg = Debug|Any CPU
		{1C6636B5-7C28-41BF-876E-AA4D18AE051B}.Debug|Any CPU.Build.0 = Debug|Any CPU
		{1C6636B5-7C28-41BF-876E-AA4D18AE051B}.Release|Any CPU.ActiveCfg = Release|Any CPU
		{1C6636B5-7C28-41BF-876E-AA4D18AE051B}.Release|Any CPU.Build.0 = Release|Any CPU
		{C9B42462-2281-421A-8B35-7AF08E1F9AFC}.Debug|Any CPU.ActiveCfg = Debug|Any CPU
		{C9B42462-2281-421A-8B35-7AF08E1F9AFC}.Debug|Any CPU.Build.0 = Debug|Any CPU
		{C9B42462-2281-421A-8B35-7AF08E1F9AFC}.Release|Any CPU.ActiveCfg = Release|Any CPU
		{C9B42462-2281-421A-8B35-7AF08E1F9AFC}.Release|Any CPU.Build.0 = Release|Any CPU
		{D06ED11D-338C-4C6E-A466-37C4B1B94956}.Debug|Any CPU.ActiveCfg = Debug|Any CPU
		{D06ED11D-338C-4C6E-A466-37C4B1B94956}.Debug|Any CPU.Build.0 = Debug|Any CPU
		{D06ED11D-338C-4C6E-A466-37C4B1B94956}.Release|Any CPU.ActiveCfg = Release|Any CPU
		{D06ED11D-338C-4C6E-A466-37C4B1B94956}.Release|Any CPU.Build.0 = Release|Any CPU
		{ECAC2FA6-8691-4AB2-81B5-0894D6B6DD6B}.Debug|Any CPU.ActiveCfg = Debug|Any CPU
		{ECAC2FA6-8691-4AB2-81B5-0894D6B6DD6B}.Debug|Any CPU.Build.0 = Debug|Any CPU
		{ECAC2FA6-8691-4AB2-81B5-0894D6B6DD6B}.Release|Any CPU.ActiveCfg = Release|Any CPU
		{ECAC2FA6-8691-4AB2-81B5-0894D6B6DD6B}.Release|Any CPU.Build.0 = Release|Any CPU
		{579405A4-F9E3-4C75-8BC2-73BA855A5F56}.Debug|Any CPU.ActiveCfg = Debug|Any CPU
		{579405A4-F9E3-4C75-8BC2-73BA855A5F56}.Debug|Any CPU.Build.0 = Debug|Any CPU
		{579405A4-F9E3-4C75-8BC2-73BA855A5F56}.Release|Any CPU.ActiveCfg = Release|Any CPU
		{579405A4-F9E3-4C75-8BC2-73BA855A5F56}.Release|Any CPU.Build.0 = Release|Any CPU
		{091F2552-0387-4E78-9622-C1CD8EB155DB}.Debug|Any CPU.ActiveCfg = Debug|Any CPU
		{091F2552-0387-4E78-9622-C1CD8EB155DB}.Debug|Any CPU.Build.0 = Debug|Any CPU
		{091F2552-0387-4E78-9622-C1CD8EB155DB}.Release|Any CPU.ActiveCfg = Release|Any CPU
		{091F2552-0387-4E78-9622-C1CD8EB155DB}.Release|Any CPU.Build.0 = Release|Any CPU
		{F2148A0A-4F48-42DF-8D01-18F3766A7962}.Debug|Any CPU.ActiveCfg = Debug|Any CPU
		{F2148A0A-4F48-42DF-8D01-18F3766A7962}.Debug|Any CPU.Build.0 = Debug|Any CPU
		{F2148A0A-4F48-42DF-8D01-18F3766A7962}.Release|Any CPU.ActiveCfg = Release|Any CPU
		{F2148A0A-4F48-42DF-8D01-18F3766A7962}.Release|Any CPU.Build.0 = Release|Any CPU
	EndGlobalSection
	GlobalSection(SolutionProperties) = preSolution
		HideSolutionNode = FALSE
	EndGlobalSection
	GlobalSection(NestedProjects) = preSolution
		{9D7ABB5F-3C9E-4D58-AC52-0C765D0CE105} = {87FA34EB-59A4-4883-AFE7-5D3E033F699E}
		{3C6D3DAB-3D7A-4CEA-BDCC-B0546E9F0DBA} = {9D7ABB5F-3C9E-4D58-AC52-0C765D0CE105}
		{B51281BC-7AE4-406E-A020-230BB2FAB65E} = {87FA34EB-59A4-4883-AFE7-5D3E033F699E}
		{1AE039A8-94DC-4FA4-A43D-E0035B433D4E} = {B51281BC-7AE4-406E-A020-230BB2FAB65E}
		{899B0FA3-3F9E-4A43-8B06-8127C13BF797} = {87FA34EB-59A4-4883-AFE7-5D3E033F699E}
		{1C6636B5-7C28-41BF-876E-AA4D18AE051B} = {899B0FA3-3F9E-4A43-8B06-8127C13BF797}
		{C9B42462-2281-421A-8B35-7AF08E1F9AFC} = {899B0FA3-3F9E-4A43-8B06-8127C13BF797}
		{BC329812-7617-49EA-B697-D5E369CE8E55} = {87FA34EB-59A4-4883-AFE7-5D3E033F699E}
		{D06ED11D-338C-4C6E-A466-37C4B1B94956} = {BC329812-7617-49EA-B697-D5E369CE8E55}
		{ECAC2FA6-8691-4AB2-81B5-0894D6B6DD6B} = {BC329812-7617-49EA-B697-D5E369CE8E55}
		{579405A4-F9E3-4C75-8BC2-73BA855A5F56} = {BC329812-7617-49EA-B697-D5E369CE8E55}
		{091F2552-0387-4E78-9622-C1CD8EB155DB} = {BC329812-7617-49EA-B697-D5E369CE8E55}
		{F2148A0A-4F48-42DF-8D01-18F3766A7962} = {7B44AD89-708E-401E-99DD-B9DD8AAF96B9}
	EndGlobalSection
	GlobalSection(ExtensibilityGlobals) = postSolution
		SolutionGuid = {F78B6A47-1DE1-42A0-A1F1-02A03B11049A}
	EndGlobalSection
EndGlobal
